
Microsoft Visual Studio Solution File, Format Version 12.00
# Visual Studio Version 17
VisualStudioVersion = 17.5.002.0
MinimumVisualStudioVersion = 10.0.40219.1
Project("{2150E333-8FDC-42A3-9474-1A3956D46DE8}") = "CortaAqui-main", "CortaAqui-main", "{AEF847B9-2664-4653-984B-03A531346457}"
EndProject
Project("{9A19103F-16F7-4668-BE54-9A1E7A4F7556}") = "CortaAqui.Api", "CortaAqui-main\CortaAqui.Api\CortaAqui.Api.csproj", "{125A948A-BCB7-450B-85AB-F74F2707F726}"
EndProject
Global
	GlobalSection(SolutionConfigurationPlatforms) = preSolution
		Debug|Any CPU = Debug|Any CPU
		Release|Any CPU = Release|Any CPU
	EndGlobalSection
	GlobalSection(ProjectConfigurationPlatforms) = postSolution
		{125A948A-BCB7-450B-85AB-F74F2707F726}.Debug|Any CPU.ActiveCfg = Debug|Any CPU
		{125A948A-BCB7-450B-85AB-F74F2707F726}.Debug|Any CPU.Build.0 = Debug|Any CPU
		{125A948A-BCB7-450B-85AB-F74F2707F726}.Release|Any CPU.ActiveCfg = Release|Any CPU
		{125A948A-BCB7-450B-85AB-F74F2707F726}.Release|Any CPU.Build.0 = Release|Any CPU
	EndGlobalSection
	GlobalSection(SolutionProperties) = preSolution
		HideSolutionNode = FALSE
	EndGlobalSection
	GlobalSection(NestedProjects) = preSolution
		{125A948A-BCB7-450B-85AB-F74F2707F726} = {AEF847B9-2664-4653-984B-03A531346457}
	EndGlobalSection
	GlobalSection(ExtensibilityGlobals) = postSolution
		SolutionGuid = {4CCA801D-D55D-4270-AC53-D4B2EADEBA01}
	EndGlobalSection
EndGlobal
